// !$*UTF8*$!
{
	archiveVersion = 1;
	classes = {
	};
	objectVersion = 50;
	objects = {

/* Begin PBXBuildFile section */
		7F7BD28D253E93C700764E9C /* AppDelegate.swift in Sources */ = {isa = PBXBuildFile; fileRef = 7F7BD28C253E93C700764E9C /* AppDelegate.swift */; };
		7F7BD28F253E93C700764E9C /* SceneDelegate.swift in Sources */ = {isa = PBXBuildFile; fileRef = 7F7BD28E253E93C700764E9C /* SceneDelegate.swift */; };
		7F7BD291253E93C700764E9C /* ViewController.swift in Sources */ = {isa = PBXBuildFile; fileRef = 7F7BD290253E93C700764E9C /* ViewController.swift */; };
		7F7BD294253E93C700764E9C /* Main.storyboard in Resources */ = {isa = PBXBuildFile; fileRef = 7F7BD292253E93C700764E9C /* Main.storyboard */; };
		7F7BD296253E93C900764E9C /* Assets.xcassets in Resources */ = {isa = PBXBuildFile; fileRef = 7F7BD295253E93C900764E9C /* Assets.xcassets */; };
		7F7BD299253E93C900764E9C /* LaunchScreen.storyboard in Resources */ = {isa = PBXBuildFile; fileRef = 7F7BD297253E93C900764E9C /* LaunchScreen.storyboard */; };
		7F7BD2A4253E93C900764E9C /* vsco_front_endTests.swift in Sources */ = {isa = PBXBuildFile; fileRef = 7F7BD2A3253E93C900764E9C /* vsco_front_endTests.swift */; };
		7FD285032553C99800CFE19F /* colorInfo.storyboard in Resources */ = {isa = PBXBuildFile; fileRef = 7FD285022553C99800CFE19F /* colorInfo.storyboard */; };
/* End PBXBuildFile section */

/* Begin PBXContainerItemProxy section */
		7F7BD2A0253E93C900764E9C /* PBXContainerItemProxy */ = {
			isa = PBXContainerItemProxy;
			containerPortal = 7F7BD281253E93C600764E9C /* Project object */;
			proxyType = 1;
			remoteGlobalIDString = 7F7BD288253E93C600764E9C;
			remoteInfo = "vsco-front-end";
		};
/* End PBXContainerItemProxy section */

/* Begin PBXFileReference section */
		7F7BD289253E93C600764E9C /* vsco-front-end.app */ = {isa = PBXFileReference; explicitFileType = wrapper.application; includeInIndex = 0; path = "vsco-front-end.app"; sourceTree = BUILT_PRODUCTS_DIR; };
		7F7BD28C253E93C700764E9C /* AppDelegate.swift */ = {isa = PBXFileReference; lastKnownFileType = sourcecode.swift; path = AppDelegate.swift; sourceTree = "<group>"; };
		7F7BD28E253E93C700764E9C /* SceneDelegate.swift */ = {isa = PBXFileReference; lastKnownFileType = sourcecode.swift; path = SceneDelegate.swift; sourceTree = "<group>"; };
		7F7BD290253E93C700764E9C /* ViewController.swift */ = {isa = PBXFileReference; lastKnownFileType = sourcecode.swift; path = ViewController.swift; sourceTree = "<group>"; };
		7F7BD293253E93C700764E9C /* Base */ = {isa = PBXFileReference; lastKnownFileType = file.storyboard; name = Base; path = Base.lproj/Main.storyboard; sourceTree = "<group>"; };
		7F7BD295253E93C900764E9C /* Assets.xcassets */ = {isa = PBXFileReference; lastKnownFileType = folder.assetcatalog; path = Assets.xcassets; sourceTree = "<group>"; };
		7F7BD298253E93C900764E9C /* Base */ = {isa = PBXFileReference; lastKnownFileType = file.storyboard; name = Base; path = Base.lproj/LaunchScreen.storyboard; sourceTree = "<group>"; };
		7F7BD29A253E93C900764E9C /* Info.plist */ = {isa = PBXFileReference; lastKnownFileType = text.plist.xml; path = Info.plist; sourceTree = "<group>"; };
		7F7BD29F253E93C900764E9C /* vsco-front-endTests.xctest */ = {isa = PBXFileReference; explicitFileType = wrapper.cfbundle; includeInIndex = 0; path = "vsco-front-endTests.xctest"; sourceTree = BUILT_PRODUCTS_DIR; };
		7F7BD2A3253E93C900764E9C /* vsco_front_endTests.swift */ = {isa = PBXFileReference; lastKnownFileType = sourcecode.swift; path = vsco_front_endTests.swift; sourceTree = "<group>"; };
		7F7BD2A5253E93C900764E9C /* Info.plist */ = {isa = PBXFileReference; lastKnownFileType = text.plist.xml; path = Info.plist; sourceTree = "<group>"; };
		7FD285022553C99800CFE19F /* colorInfo.storyboard */ = {isa = PBXFileReference; lastKnownFileType = file.storyboard; path = colorInfo.storyboard; sourceTree = "<group>"; };
/* End PBXFileReference section */

/* Begin PBXFrameworksBuildPhase section */
		7F7BD286253E93C600764E9C /* Frameworks */ = {
			isa = PBXFrameworksBuildPhase;
			buildActionMask = 2147483647;
			files = (
			);
			runOnlyForDeploymentPostprocessing = 0;
		};
		7F7BD29C253E93C900764E9C /* Frameworks */ = {
			isa = PBXFrameworksBuildPhase;
			buildActionMask = 2147483647;
			files = (
			);
			runOnlyForDeploymentPostprocessing = 0;
		};
/* End PBXFrameworksBuildPhase section */

/* Begin PBXGroup section */
		7F7BD280253E93C600764E9C = {
			isa = PBXGroup;
			children = (
				7F7BD28B253E93C600764E9C /* vsco-front-end */,
				7F7BD2A2253E93C900764E9C /* vsco-front-endTests */,
				7F7BD28A253E93C600764E9C /* Products */,
			);
			sourceTree = "<group>";
		};
		7F7BD28A253E93C600764E9C /* Products */ = {
			isa = PBXGroup;
			children = (
				7F7BD289253E93C600764E9C /* vsco-front-end.app */,
				7F7BD29F253E93C900764E9C /* vsco-front-endTests.xctest */,
			);
			name = Products;
			sourceTree = "<group>";
		};
		7F7BD28B253E93C600764E9C /* vsco-front-end */ = {
			isa = PBXGroup;
			children = (
				7F7BD28C253E93C700764E9C /* AppDelegate.swift */,
				7F7BD28E253E93C700764E9C /* SceneDelegate.swift */,
				7F7BD290253E93C700764E9C /* ViewController.swift */,
				7F7BD292253E93C700764E9C /* Main.storyboard */,
				7FD285022553C99800CFE19F /* colorInfo.storyboard */,
				7F7BD295253E93C900764E9C /* Assets.xcassets */,
				7F7BD297253E93C900764E9C /* LaunchScreen.storyboard */,
				7F7BD29A253E93C900764E9C /* Info.plist */,
			);
			path = "vsco-front-end";
			sourceTree = "<group>";
		};
		7F7BD2A2253E93C900764E9C /* vsco-front-endTests */ = {
			isa = PBXGroup;
			children = (
				7F7BD2A3253E93C900764E9C /* vsco_front_endTests.swift */,
				7F7BD2A5253E93C900764E9C /* Info.plist */,
			);
			path = "vsco-front-endTests";
			sourceTree = "<group>";
		};
/* End PBXGroup section */

/* Begin PBXNativeTarget section */
		7F7BD288253E93C600764E9C /* vsco-front-end */ = {
			isa = PBXNativeTarget;
			buildConfigurationList = 7F7BD2A8253E93C900764E9C /* Build configuration list for PBXNativeTarget "vsco-front-end" */;
			buildPhases = (
				7F7BD285253E93C600764E9C /* Sources */,
				7F7BD286253E93C600764E9C /* Frameworks */,
				7F7BD287253E93C600764E9C /* Resources */,
			);
			buildRules = (
			);
			dependencies = (
			);
			name = "vsco-front-end";
			productName = "vsco-front-end";
			productReference = 7F7BD289253E93C600764E9C /* vsco-front-end.app */;
			productType = "com.apple.product-type.application";
		};
		7F7BD29E253E93C900764E9C /* vsco-front-endTests */ = {
			isa = PBXNativeTarget;
			buildConfigurationList = 7F7BD2AB253E93C900764E9C /* Build configuration list for PBXNativeTarget "vsco-front-endTests" */;
			buildPhases = (
				7F7BD29B253E93C900764E9C /* Sources */,
				7F7BD29C253E93C900764E9C /* Frameworks */,
				7F7BD29D253E93C900764E9C /* Resources */,
			);
			buildRules = (
			);
			dependencies = (
				7F7BD2A1253E93C900764E9C /* PBXTargetDependency */,
			);
			name = "vsco-front-endTests";
			productName = "vsco-front-endTests";
			productReference = 7F7BD29F253E93C900764E9C /* vsco-front-endTests.xctest */;
			productType = "com.apple.product-type.bundle.unit-test";
		};
/* End PBXNativeTarget section */

/* Begin PBXProject section */
		7F7BD281253E93C600764E9C /* Project object */ = {
			isa = PBXProject;
			attributes = {
				LastSwiftUpdateCheck = 1150;
				LastUpgradeCheck = 1150;
				ORGANIZATIONNAME = "Kyle Hua";
				TargetAttributes = {
					7F7BD288253E93C600764E9C = {
						CreatedOnToolsVersion = 11.5;
					};
					7F7BD29E253E93C900764E9C = {
						CreatedOnToolsVersion = 11.5;
						TestTargetID = 7F7BD288253E93C600764E9C;
					};
				};
			};
			buildConfigurationList = 7F7BD284253E93C600764E9C /* Build configuration list for PBXProject "vsco-front-end" */;
			compatibilityVersion = "Xcode 9.3";
			developmentRegion = en;
			hasScannedForEncodings = 0;
			knownRegions = (
				en,
				Base,
			);
			mainGroup = 7F7BD280253E93C600764E9C;
			productRefGroup = 7F7BD28A253E93C600764E9C /* Products */;
			projectDirPath = "";
			projectRoot = "";
			targets = (
				7F7BD288253E93C600764E9C /* vsco-front-end */,
				7F7BD29E253E93C900764E9C /* vsco-front-endTests */,
			);
		};
/* End PBXProject section */

/* Begin PBXResourcesBuildPhase section */
		7F7BD287253E93C600764E9C /* Resources */ = {
			isa = PBXResourcesBuildPhase;
			buildActionMask = 2147483647;
			files = (
				7F7BD299253E93C900764E9C /* LaunchScreen.storyboard in Resources */,
				7F7BD296253E93C900764E9C /* Assets.xcassets in Resources */,
				7FD285032553C99800CFE19F /* colorInfo.storyboard in Resources */,
				7F7BD294253E93C700764E9C /* Main.storyboard in Resources */,
			);
			runOnlyForDeploymentPostprocessing = 0;
		};
		7F7BD29D253E93C900764E9C /* Resources */ = {
			isa = PBXResourcesBuildPhase;
			buildActionMask = 2147483647;
			files = (
			);
			runOnlyForDeploymentPostprocessing = 0;
		};
/* End PBXResourcesBuildPhase section */

/* Begin PBXSourcesBuildPhase section */
		7F7BD285253E93C600764E9C /* Sources */ = {
			isa = PBXSourcesBuildPhase;
			buildActionMask = 2147483647;
			files = (
				7F7BD291253E93C700764E9C /* ViewController.swift in Sources */,
				7F7BD28D253E93C700764E9C /* AppDelegate.swift in Sources */,
				7F7BD28F253E93C700764E9C /* SceneDelegate.swift in Sources */,
			);
			runOnlyForDeploymentPostprocessing = 0;
		};
		7F7BD29B253E93C900764E9C /* Sources */ = {
			isa = PBXSourcesBuildPhase;
			buildActionMask = 2147483647;
			files = (
				7F7BD2A4253E93C900764E9C /* vsco_front_endTests.swift in Sources */,
			);
			runOnlyForDeploymentPostprocessing = 0;
		};
/* End PBXSourcesBuildPhase section */

/* Begin PBXTargetDependency section */
		7F7BD2A1253E93C900764E9C /* PBXTargetDependency */ = {
			isa = PBXTargetDependency;
			target = 7F7BD288253E93C600764E9C /* vsco-front-end */;
			targetProxy = 7F7BD2A0253E93C900764E9C /* PBXContainerItemProxy */;
		};
/* End PBXTargetDependency section */

/* Begin PBXVariantGroup section */
		7F7BD292253E93C700764E9C /* Main.storyboard */ = {
			isa = PBXVariantGroup;
			children = (
				7F7BD293253E93C700764E9C /* Base */,
			);
			name = Main.storyboard;
			sourceTree = "<group>";
		};
		7F7BD297253E93C900764E9C /* LaunchScreen.storyboard */ = {
			isa = PBXVariantGroup;
			children = (
				7F7BD298253E93C900764E9C /* Base */,
			);
			name = LaunchScreen.storyboard;
			sourceTree = "<group>";
		};
/* End PBXVariantGroup section */

/* Begin XCBuildConfiguration section */
		7F7BD2A6253E93C900764E9C /* Debug */ = {
			isa = XCBuildConfiguration;
			buildSettings = {
				ALWAYS_SEARCH_USER_PATHS = NO;
				CLANG_ANALYZER_NONNULL = YES;
				CLANG_ANALYZER_NUMBER_OBJECT_CONVERSION = YES_AGGRESSIVE;
				CLANG_CXX_LANGUAGE_STANDARD = "gnu++14";
				CLANG_CXX_LIBRARY = "libc++";
				CLANG_ENABLE_MODULES = YES;
				CLANG_ENABLE_OBJC_ARC = YES;
				CLANG_ENABLE_OBJC_WEAK = YES;
				CLANG_WARN_BLOCK_CAPTURE_AUTORELEASING = YES;
				CLANG_WARN_BOOL_CONVERSION = YES;
				CLANG_WARN_COMMA = YES;
				CLANG_WARN_CONSTANT_CONVERSION = YES;
				CLANG_WARN_DEPRECATED_OBJC_IMPLEMENTATIONS = YES;
				CLANG_WARN_DIRECT_OBJC_ISA_USAGE = YES_ERROR;
				CLANG_WARN_DOCUMENTATION_COMMENTS = YES;
				CLANG_WARN_EMPTY_BODY = YES;
				CLANG_WARN_ENUM_CONVERSION = YES;
				CLANG_WARN_INFINITE_RECURSION = YES;
				CLANG_WARN_INT_CONVERSION = YES;
				CLANG_WARN_NON_LITERAL_NULL_CONVERSION = YES;
				CLANG_WARN_OBJC_IMPLICIT_RETAIN_SELF = YES;
				CLANG_WARN_OBJC_LITERAL_CONVERSION = YES;
				CLANG_WARN_OBJC_ROOT_CLASS = YES_ERROR;
				CLANG_WARN_RANGE_LOOP_ANALYSIS = YES;
				CLANG_WARN_STRICT_PROTOTYPES = YES;
				CLANG_WARN_SUSPICIOUS_MOVE = YES;
				CLANG_WARN_UNGUARDED_AVAILABILITY = YES_AGGRESSIVE;
				CLANG_WARN_UNREACHABLE_CODE = YES;
				CLANG_WARN__DUPLICATE_METHOD_MATCH = YES;
				COPY_PHASE_STRIP = NO;
				DEBUG_INFORMATION_FORMAT = dwarf;
				ENABLE_STRICT_OBJC_MSGSEND = YES;
				ENABLE_TESTABILITY = YES;
				GCC_C_LANGUAGE_STANDARD = gnu11;
				GCC_DYNAMIC_NO_PIC = NO;
				GCC_NO_COMMON_BLOCKS = YES;
				GCC_OPTIMIZATION_LEVEL = 0;
				GCC_PREPROCESSOR_DEFINITIONS = (
					"DEBUG=1",
					"$(inherited)",
				);
				GCC_WARN_64_TO_32_BIT_CONVERSION = YES;
				GCC_WARN_ABOUT_RETURN_TYPE = YES_ERROR;
				GCC_WARN_UNDECLARED_SELECTOR = YES;
				GCC_WARN_UNINITIALIZED_AUTOS = YES_AGGRESSIVE;
				GCC_WARN_UNUSED_FUNCTION = YES;
				GCC_WARN_UNUSED_VARIABLE = YES;
				IPHONEOS_DEPLOYMENT_TARGET = 13.5;
				MTL_ENABLE_DEBUG_INFO = INCLUDE_SOURCE;
				MTL_FAST_MATH = YES;
				ONLY_ACTIVE_ARCH = YES;
				SDKROOT = iphoneos;
				SWIFT_ACTIVE_COMPILATION_CONDITIONS = DEBUG;
				SWIFT_OPTIMIZATION_LEVEL = "-Onone";
			};
			name = Debug;
		};
		7F7BD2A7253E93C900764E9C /* Release */ = {
			isa = XCBuildConfiguration;
			buildSettings = {
				ALWAYS_SEARCH_USER_PATHS = NO;
				CLANG_ANALYZER_NONNULL = YES;
				CLANG_ANALYZER_NUMBER_OBJECT_CONVERSION = YES_AGGRESSIVE;
				CLANG_CXX_LANGUAGE_STANDARD = "gnu++14";
				CLANG_CXX_LIBRARY = "libc++";
				CLANG_ENABLE_MODULES = YES;
				CLANG_ENABLE_OBJC_ARC = YES;
				CLANG_ENABLE_OBJC_WEAK = YES;
				CLANG_WARN_BLOCK_CAPTURE_AUTORELEASING = YES;
				CLANG_WARN_BOOL_CONVERSION = YES;
				CLANG_WARN_COMMA = YES;
				CLANG_WARN_CONSTANT_CONVERSION = YES;
				CLANG_WARN_DEPRECATED_OBJC_IMPLEMENTATIONS = YES;
				CLANG_WARN_DIRECT_OBJC_ISA_USAGE = YES_ERROR;
				CLANG_WARN_DOCUMENTATION_COMMENTS = YES;
				CLANG_WARN_EMPTY_BODY = YES;
				CLANG_WARN_ENUM_CONVERSION = YES;
				CLANG_WARN_INFINITE_RECURSION = YES;
				CLANG_WARN_INT_CONVERSION = YES;
				CLANG_WARN_NON_LITERAL_NULL_CONVERSION = YES;
				CLANG_WARN_OBJC_IMPLICIT_RETAIN_SELF = YES;
				CLANG_WARN_OBJC_LITERAL_CONVERSION = YES;
				CLANG_WARN_OBJC_ROOT_CLASS = YES_ERROR;
				CLANG_WARN_RANGE_LOOP_ANALYSIS = YES;
				CLANG_WARN_STRICT_PROTOTYPES = YES;
				CLANG_WARN_SUSPICIOUS_MOVE = YES;
				CLANG_WARN_UNGUARDED_AVAILABILITY = YES_AGGRESSIVE;
				CLANG_WARN_UNREACHABLE_CODE = YES;
				CLANG_WARN__DUPLICATE_METHOD_MATCH = YES;
				COPY_PHASE_STRIP = NO;
				DEBUG_INFORMATION_FORMAT = "dwarf-with-dsym";
				ENABLE_NS_ASSERTIONS = NO;
				ENABLE_STRICT_OBJC_MSGSEND = YES;
				GCC_C_LANGUAGE_STANDARD = gnu11;
				GCC_NO_COMMON_BLOCKS = YES;
				GCC_WARN_64_TO_32_BIT_CONVERSION = YES;
				GCC_WARN_ABOUT_RETURN_TYPE = YES_ERROR;
				GCC_WARN_UNDECLARED_SELECTOR = YES;
				GCC_WARN_UNINITIALIZED_AUTOS = YES_AGGRESSIVE;
				GCC_WARN_UNUSED_FUNCTION = YES;
				GCC_WARN_UNUSED_VARIABLE = YES;
				IPHONEOS_DEPLOYMENT_TARGET = 13.5;
				MTL_ENABLE_DEBUG_INFO = NO;
				MTL_FAST_MATH = YES;
				SDKROOT = iphoneos;
				SWIFT_COMPILATION_MODE = wholemodule;
				SWIFT_OPTIMIZATION_LEVEL = "-O";
				VALIDATE_PRODUCT = YES;
			};
			name = Release;
		};
		7F7BD2A9253E93C900764E9C /* Debug */ = {
			isa = XCBuildConfiguration;
			buildSettings = {
				ASSETCATALOG_COMPILER_APPICON_NAME = AppIcon;
				CODE_SIGN_STYLE = Automatic;
				INFOPLIST_FILE = "vsco-front-end/Info.plist";
				LD_RUNPATH_SEARCH_PATHS = (
					"$(inherited)",
					"@executable_path/Frameworks",
				);
				PRODUCT_BUNDLE_IDENTIFIER = "com.example..vsco-front-end";
				PRODUCT_NAME = "$(TARGET_NAME)";
				SWIFT_VERSION = 5.0;
				TARGETED_DEVICE_FAMILY = "1,2";
			};
			name = Debug;
		};
		7F7BD2AA253E93C900764E9C /* Release */ = {
			isa = XCBuildConfiguration;
			buildSettings = {
				ASSETCATALOG_COMPILER_APPICON_NAME = AppIcon;
				CODE_SIGN_STYLE = Automatic;
				INFOPLIST_FILE = "vsco-front-end/Info.plist";
				LD_RUNPATH_SEARCH_PATHS = (
					"$(inherited)",
					"@executable_path/Frameworks",
				);
				PRODUCT_BUNDLE_IDENTIFIER = "com.example..vsco-front-end";
				PRODUCT_NAME = "$(TARGET_NAME)";
				SWIFT_VERSION = 5.0;
				TARGETED_DEVICE_FAMILY = "1,2";
			};
			name = Release;
		};
		7F7BD2AC253E93C900764E9C /* Debug */ = {
			isa = XCBuildConfiguration;
			buildSettings = {
				ALWAYS_EMBED_SWIFT_STANDARD_LIBRARIES = YES;
				BUNDLE_LOADER = "$(TEST_HOST)";
				CODE_SIGN_STYLE = Automatic;
				INFOPLIST_FILE = "vsco-front-endTests/Info.plist";
				IPHONEOS_DEPLOYMENT_TARGET = 13.5;
				LD_RUNPATH_SEARCH_PATHS = (
					"$(inherited)",
					"@executable_path/Frameworks",
					"@loader_path/Frameworks",
				);
				PRODUCT_BUNDLE_IDENTIFIER = "com.example..vsco-front-endTests";
				PRODUCT_NAME = "$(TARGET_NAME)";
				SWIFT_VERSION = 5.0;
				TARGETED_DEVICE_FAMILY = "1,2";
				TEST_HOST = "$(BUILT_PRODUCTS_DIR)/vsco-front-end.app/vsco-front-end";
			};
			name = Debug;
		};
		7F7BD2AD253E93C900764E9C /* Release */ = {
			isa = XCBuildConfiguration;
			buildSettings = {
				ALWAYS_EMBED_SWIFT_STANDARD_LIBRARIES = YES;
				BUNDLE_LOADER = "$(TEST_HOST)";
				CODE_SIGN_STYLE = Automatic;
				INFOPLIST_FILE = "vsco-front-endTests/Info.plist";
				IPHONEOS_DEPLOYMENT_TARGET = 13.5;
				LD_RUNPATH_SEARCH_PATHS = (
					"$(inherited)",
					"@executable_path/Frameworks",
					"@loader_path/Frameworks",
				);
				PRODUCT_BUNDLE_IDENTIFIER = "com.example..vsco-front-endTests";
				PRODUCT_NAME = "$(TARGET_NAME)";
				SWIFT_VERSION = 5.0;
				TARGETED_DEVICE_FAMILY = "1,2";
				TEST_HOST = "$(BUILT_PRODUCTS_DIR)/vsco-front-end.app/vsco-front-end";
			};
			name = Release;
		};
/* End XCBuildConfiguration section */

/* Begin XCConfigurationList section */
		7F7BD284253E93C600764E9C /* Build configuration list for PBXProject "vsco-front-end" */ = {
			isa = XCConfigurationList;
			buildConfigurations = (
				7F7BD2A6253E93C900764E9C /* Debug */,
				7F7BD2A7253E93C900764E9C /* Release */,
			);
			defaultConfigurationIsVisible = 0;
			defaultConfigurationName = Release;
		};
		7F7BD2A8253E93C900764E9C /* Build configuration list for PBXNativeTarget "vsco-front-end" */ = {
			isa = XCConfigurationList;
			buildConfigurations = (
				7F7BD2A9253E93C900764E9C /* Debug */,
				7F7BD2AA253E93C900764E9C /* Release */,
			);
			defaultConfigurationIsVisible = 0;
			defaultConfigurationName = Release;
		};
		7F7BD2AB253E93C900764E9C /* Build configuration list for PBXNativeTarget "vsco-front-endTests" */ = {
			isa = XCConfigurationList;
			buildConfigurations = (
				7F7BD2AC253E93C900764E9C /* Debug */,
				7F7BD2AD253E93C900764E9C /* Release */,
			);
			defaultConfigurationIsVisible = 0;
			defaultConfigurationName = Release;
		};
/* End XCConfigurationList section */
	};
	rootObject = 7F7BD281253E93C600764E9C /* Project object */;
}
