// !$*UTF8*$!
{
	archiveVersion = 1;
	classes = {
	};
	objectVersion = 50;
	objects = {

/* Begin PBXBuildFile section */
		0976337012ABCBB28EF201CF /* Pods_vsco_front_end.framework in Frameworks */ = {isa = PBXBuildFile; fileRef = 65BF272F79204576540290B4 /* Pods_vsco_front_end.framework */; };
		6BF3A46C56BB8C84B5A3DB53 /* Pods_vsco_front_endTests.framework in Frameworks */ = {isa = PBXBuildFile; fileRef = 62FAF6B904EEA77E07B7B317 /* Pods_vsco_front_endTests.framework */; };
		7F7BD28D253E93C700764E9C /* AppDelegate.swift in Sources */ = {isa = PBXBuildFile; fileRef = 7F7BD28C253E93C700764E9C /* AppDelegate.swift */; };
		7F7BD28F253E93C700764E9C /* SceneDelegate.swift in Sources */ = {isa = PBXBuildFile; fileRef = 7F7BD28E253E93C700764E9C /* SceneDelegate.swift */; };
		7F7BD294253E93C700764E9C /* Main.storyboard in Resources */ = {isa = PBXBuildFile; fileRef = 7F7BD292253E93C700764E9C /* Main.storyboard */; };
		7F7BD296253E93C900764E9C /* Assets.xcassets in Resources */ = {isa = PBXBuildFile; fileRef = 7F7BD295253E93C900764E9C /* Assets.xcassets */; };
		7F7BD299253E93C900764E9C /* LaunchScreen.storyboard in Resources */ = {isa = PBXBuildFile; fileRef = 7F7BD297253E93C900764E9C /* LaunchScreen.storyboard */; };
		7F7BD2A4253E93C900764E9C /* vsco_front_endTests.swift in Sources */ = {isa = PBXBuildFile; fileRef = 7F7BD2A3253E93C900764E9C /* vsco_front_endTests.swift */; };
		D02ABF4E255D0344002A1CEB /* ViewController.swift in Sources */ = {isa = PBXBuildFile; fileRef = 7F7BD290253E93C700764E9C /* ViewController.swift */; };
		D0FCE0D425663C33006E549C /* Nunito-Black.ttf in Resources */ = {isa = PBXBuildFile; fileRef = B19A34C6254687B700591AEE /* Nunito-Black.ttf */; };
		D0FCE0D525663C33006E549C /* Nunito-BlackItalic.ttf in Resources */ = {isa = PBXBuildFile; fileRef = B19A34D0254687BA00591AEE /* Nunito-BlackItalic.ttf */; };
		D0FCE0D625663C33006E549C /* Nunito-Bold.ttf in Resources */ = {isa = PBXBuildFile; fileRef = B19A34D1254687BA00591AEE /* Nunito-Bold.ttf */; };
		D0FCE0D725663C33006E549C /* Nunito-BoldItalic.ttf in Resources */ = {isa = PBXBuildFile; fileRef = B19A34D2254687BA00591AEE /* Nunito-BoldItalic.ttf */; };
		D0FCE0D825663C33006E549C /* Nunito-ExtraBold.ttf in Resources */ = {isa = PBXBuildFile; fileRef = B19A34CF254687BA00591AEE /* Nunito-ExtraBold.ttf */; };
		D0FCE0D925663C33006E549C /* Nunito-ExtraBoldItalic.ttf in Resources */ = {isa = PBXBuildFile; fileRef = B19A34C9254687BA00591AEE /* Nunito-ExtraBoldItalic.ttf */; };
		D0FCE0DA25663C33006E549C /* Nunito-ExtraLight.ttf in Resources */ = {isa = PBXBuildFile; fileRef = B19A34C8254687BA00591AEE /* Nunito-ExtraLight.ttf */; };
		D0FCE0DB25663C33006E549C /* Nunito-ExtraLightItalic.ttf in Resources */ = {isa = PBXBuildFile; fileRef = B19A34C7254687BA00591AEE /* Nunito-ExtraLightItalic.ttf */; };
		D0FCE0DC25663C33006E549C /* Nunito-Italic.ttf in Resources */ = {isa = PBXBuildFile; fileRef = B19A34CB254687BA00591AEE /* Nunito-Italic.ttf */; };
		D0FCE0DD25663C33006E549C /* Nunito-Light.ttf in Resources */ = {isa = PBXBuildFile; fileRef = B19A34CE254687BA00591AEE /* Nunito-Light.ttf */; };
		D0FCE0DE25663C33006E549C /* Nunito-LightItalic.ttf in Resources */ = {isa = PBXBuildFile; fileRef = B19A34CC254687BA00591AEE /* Nunito-LightItalic.ttf */; };
		D0FCE0DF25663C33006E549C /* Nunito-Regular.ttf in Resources */ = {isa = PBXBuildFile; fileRef = B19A34CD254687BA00591AEE /* Nunito-Regular.ttf */; };
		D0FCE0E025663C33006E549C /* Nunito-SemiBold.ttf in Resources */ = {isa = PBXBuildFile; fileRef = B19A34CA254687BA00591AEE /* Nunito-SemiBold.ttf */; };
		D0FCE0E125663C33006E549C /* Nunito-SemiBoldItalic.ttf in Resources */ = {isa = PBXBuildFile; fileRef = B19A34D3254687BA00591AEE /* Nunito-SemiBoldItalic.ttf */; };
/* End PBXBuildFile section */

/* Begin PBXContainerItemProxy section */
		7F7BD2A0253E93C900764E9C /* PBXContainerItemProxy */ = {
			isa = PBXContainerItemProxy;
			containerPortal = 7F7BD281253E93C600764E9C /* Project object */;
			proxyType = 1;
			remoteGlobalIDString = 7F7BD288253E93C600764E9C;
			remoteInfo = "vsco-front-end";
		};
/* End PBXContainerItemProxy section */

/* Begin PBXFileReference section */
		1E213720ED8AC5298B2196AF /* Pods-vsco-front-endTests.release.xcconfig */ = {isa = PBXFileReference; includeInIndex = 1; lastKnownFileType = text.xcconfig; name = "Pods-vsco-front-endTests.release.xcconfig"; path = "Target Support Files/Pods-vsco-front-endTests/Pods-vsco-front-endTests.release.xcconfig"; sourceTree = "<group>"; };
		4E6FEDA0BF1415BD794F5F06 /* Pods-vsco-front-end.release.xcconfig */ = {isa = PBXFileReference; includeInIndex = 1; lastKnownFileType = text.xcconfig; name = "Pods-vsco-front-end.release.xcconfig"; path = "Target Support Files/Pods-vsco-front-end/Pods-vsco-front-end.release.xcconfig"; sourceTree = "<group>"; };
		62FAF6B904EEA77E07B7B317 /* Pods_vsco_front_endTests.framework */ = {isa = PBXFileReference; explicitFileType = wrapper.framework; includeInIndex = 0; path = Pods_vsco_front_endTests.framework; sourceTree = BUILT_PRODUCTS_DIR; };
		65BF272F79204576540290B4 /* Pods_vsco_front_end.framework */ = {isa = PBXFileReference; explicitFileType = wrapper.framework; includeInIndex = 0; path = Pods_vsco_front_end.framework; sourceTree = BUILT_PRODUCTS_DIR; };
		7F7BD289253E93C600764E9C /* vsco-front-end.app */ = {isa = PBXFileReference; explicitFileType = wrapper.application; includeInIndex = 0; path = "vsco-front-end.app"; sourceTree = BUILT_PRODUCTS_DIR; };
		7F7BD28C253E93C700764E9C /* AppDelegate.swift */ = {isa = PBXFileReference; lastKnownFileType = sourcecode.swift; path = AppDelegate.swift; sourceTree = "<group>"; };
		7F7BD28E253E93C700764E9C /* SceneDelegate.swift */ = {isa = PBXFileReference; lastKnownFileType = sourcecode.swift; path = SceneDelegate.swift; sourceTree = "<group>"; };
		7F7BD290253E93C700764E9C /* ViewController.swift */ = {isa = PBXFileReference; lastKnownFileType = sourcecode.swift; path = ViewController.swift; sourceTree = "<group>"; };
		7F7BD293253E93C700764E9C /* Base */ = {isa = PBXFileReference; lastKnownFileType = file.storyboard; name = Base; path = Base.lproj/Main.storyboard; sourceTree = "<group>"; };
		7F7BD295253E93C900764E9C /* Assets.xcassets */ = {isa = PBXFileReference; lastKnownFileType = folder.assetcatalog; path = Assets.xcassets; sourceTree = "<group>"; };
		7F7BD298253E93C900764E9C /* Base */ = {isa = PBXFileReference; lastKnownFileType = file.storyboard; name = Base; path = Base.lproj/LaunchScreen.storyboard; sourceTree = "<group>"; };
		7F7BD29A253E93C900764E9C /* Info.plist */ = {isa = PBXFileReference; lastKnownFileType = text.plist.xml; path = Info.plist; sourceTree = "<group>"; };
		7F7BD29F253E93C900764E9C /* vsco-front-endTests.xctest */ = {isa = PBXFileReference; explicitFileType = wrapper.cfbundle; includeInIndex = 0; path = "vsco-front-endTests.xctest"; sourceTree = BUILT_PRODUCTS_DIR; };
		7F7BD2A3253E93C900764E9C /* vsco_front_endTests.swift */ = {isa = PBXFileReference; lastKnownFileType = sourcecode.swift; path = vsco_front_endTests.swift; sourceTree = "<group>"; };
		7F7BD2A5253E93C900764E9C /* Info.plist */ = {isa = PBXFileReference; lastKnownFileType = text.plist.xml; path = Info.plist; sourceTree = "<group>"; };
		7F800BEA2AD8FDEC4E3CFAFA /* Pods-vsco-front-endTests.debug.xcconfig */ = {isa = PBXFileReference; includeInIndex = 1; lastKnownFileType = text.xcconfig; name = "Pods-vsco-front-endTests.debug.xcconfig"; path = "Target Support Files/Pods-vsco-front-endTests/Pods-vsco-front-endTests.debug.xcconfig"; sourceTree = "<group>"; };
		B19A34C6254687B700591AEE /* Nunito-Black.ttf */ = {isa = PBXFileReference; lastKnownFileType = file; path = "Nunito-Black.ttf"; sourceTree = "<group>"; };
		B19A34C7254687BA00591AEE /* Nunito-ExtraLightItalic.ttf */ = {isa = PBXFileReference; lastKnownFileType = file; path = "Nunito-ExtraLightItalic.ttf"; sourceTree = "<group>"; };
		B19A34C8254687BA00591AEE /* Nunito-ExtraLight.ttf */ = {isa = PBXFileReference; lastKnownFileType = file; path = "Nunito-ExtraLight.ttf"; sourceTree = "<group>"; };
		B19A34C9254687BA00591AEE /* Nunito-ExtraBoldItalic.ttf */ = {isa = PBXFileReference; lastKnownFileType = file; path = "Nunito-ExtraBoldItalic.ttf"; sourceTree = "<group>"; };
		B19A34CA254687BA00591AEE /* Nunito-SemiBold.ttf */ = {isa = PBXFileReference; lastKnownFileType = file; path = "Nunito-SemiBold.ttf"; sourceTree = "<group>"; };
		B19A34CB254687BA00591AEE /* Nunito-Italic.ttf */ = {isa = PBXFileReference; lastKnownFileType = file; path = "Nunito-Italic.ttf"; sourceTree = "<group>"; };
		B19A34CC254687BA00591AEE /* Nunito-LightItalic.ttf */ = {isa = PBXFileReference; lastKnownFileType = file; path = "Nunito-LightItalic.ttf"; sourceTree = "<group>"; };
		B19A34CD254687BA00591AEE /* Nunito-Regular.ttf */ = {isa = PBXFileReference; lastKnownFileType = file; path = "Nunito-Regular.ttf"; sourceTree = "<group>"; };
		B19A34CE254687BA00591AEE /* Nunito-Light.ttf */ = {isa = PBXFileReference; lastKnownFileType = file; path = "Nunito-Light.ttf"; sourceTree = "<group>"; };
		B19A34CF254687BA00591AEE /* Nunito-ExtraBold.ttf */ = {isa = PBXFileReference; lastKnownFileType = file; path = "Nunito-ExtraBold.ttf"; sourceTree = "<group>"; };
		B19A34D0254687BA00591AEE /* Nunito-BlackItalic.ttf */ = {isa = PBXFileReference; lastKnownFileType = file; path = "Nunito-BlackItalic.ttf"; sourceTree = "<group>"; };
		B19A34D1254687BA00591AEE /* Nunito-Bold.ttf */ = {isa = PBXFileReference; lastKnownFileType = file; path = "Nunito-Bold.ttf"; sourceTree = "<group>"; };
		B19A34D2254687BA00591AEE /* Nunito-BoldItalic.ttf */ = {isa = PBXFileReference; lastKnownFileType = file; path = "Nunito-BoldItalic.ttf"; sourceTree = "<group>"; };
		B19A34D3254687BA00591AEE /* Nunito-SemiBoldItalic.ttf */ = {isa = PBXFileReference; lastKnownFileType = file; path = "Nunito-SemiBoldItalic.ttf"; sourceTree = "<group>"; };
		F7F380B19C60EBE7F9DC8D2D /* Pods-vsco-front-end.debug.xcconfig */ = {isa = PBXFileReference; includeInIndex = 1; lastKnownFileType = text.xcconfig; name = "Pods-vsco-front-end.debug.xcconfig"; path = "Target Support Files/Pods-vsco-front-end/Pods-vsco-front-end.debug.xcconfig"; sourceTree = "<group>"; };
/* End PBXFileReference section */

/* Begin PBXFrameworksBuildPhase section */
		7F7BD286253E93C600764E9C /* Frameworks */ = {
			isa = PBXFrameworksBuildPhase;
			buildActionMask = 2147483647;
			files = (
				0976337012ABCBB28EF201CF /* Pods_vsco_front_end.framework in Frameworks */,
			);
			runOnlyForDeploymentPostprocessing = 0;
		};
		7F7BD29C253E93C900764E9C /* Frameworks */ = {
			isa = PBXFrameworksBuildPhase;
			buildActionMask = 2147483647;
			files = (
				6BF3A46C56BB8C84B5A3DB53 /* Pods_vsco_front_endTests.framework in Frameworks */,
			);
			runOnlyForDeploymentPostprocessing = 0;
		};
/* End PBXFrameworksBuildPhase section */

/* Begin PBXGroup section */
		7F7BD280253E93C600764E9C = {
			isa = PBXGroup;
			children = (
				7F7BD28B253E93C600764E9C /* vsco-front-end */,
				7F7BD2A2253E93C900764E9C /* vsco-front-endTests */,
				7F7BD28A253E93C600764E9C /* Products */,
				B1A09007A39D4C30B9421D65 /* Pods */,
				BEADE7CD5BA5993A2916285A /* Frameworks */,
			);
			sourceTree = "<group>";
		};
		7F7BD28A253E93C600764E9C /* Products */ = {
			isa = PBXGroup;
			children = (
				7F7BD289253E93C600764E9C /* vsco-front-end.app */,
				7F7BD29F253E93C900764E9C /* vsco-front-endTests.xctest */,
			);
			name = Products;
			sourceTree = "<group>";
		};
		7F7BD28B253E93C600764E9C /* vsco-front-end */ = {
			isa = PBXGroup;
			children = (
				7F7BD28C253E93C700764E9C /* AppDelegate.swift */,
				7F7BD28E253E93C700764E9C /* SceneDelegate.swift */,
				7F7BD290253E93C700764E9C /* ViewController.swift */,
				7F7BD292253E93C700764E9C /* Main.storyboard */,
				7F7BD295253E93C900764E9C /* Assets.xcassets */,
				7F7BD297253E93C900764E9C /* LaunchScreen.storyboard */,
				B19A34C5254687B300591AEE /* fonts */,
				7F7BD29A253E93C900764E9C /* Info.plist */,
			);
			path = "vsco-front-end";
			sourceTree = "<group>";
		};
		7F7BD2A2253E93C900764E9C /* vsco-front-endTests */ = {
			isa = PBXGroup;
			children = (
				7F7BD2A3253E93C900764E9C /* vsco_front_endTests.swift */,
				7F7BD2A5253E93C900764E9C /* Info.plist */,
			);
			path = "vsco-front-endTests";
			sourceTree = "<group>";
		};
		B19A34C5254687B300591AEE /* fonts */ = {
			isa = PBXGroup;
			children = (
				B19A34C6254687B700591AEE /* Nunito-Black.ttf */,
				B19A34D0254687BA00591AEE /* Nunito-BlackItalic.ttf */,
				B19A34D1254687BA00591AEE /* Nunito-Bold.ttf */,
				B19A34D2254687BA00591AEE /* Nunito-BoldItalic.ttf */,
				B19A34CF254687BA00591AEE /* Nunito-ExtraBold.ttf */,
				B19A34C9254687BA00591AEE /* Nunito-ExtraBoldItalic.ttf */,
				B19A34C8254687BA00591AEE /* Nunito-ExtraLight.ttf */,
				B19A34C7254687BA00591AEE /* Nunito-ExtraLightItalic.ttf */,
				B19A34CB254687BA00591AEE /* Nunito-Italic.ttf */,
				B19A34CE254687BA00591AEE /* Nunito-Light.ttf */,
				B19A34CC254687BA00591AEE /* Nunito-LightItalic.ttf */,
				B19A34CD254687BA00591AEE /* Nunito-Regular.ttf */,
				B19A34CA254687BA00591AEE /* Nunito-SemiBold.ttf */,
				B19A34D3254687BA00591AEE /* Nunito-SemiBoldItalic.ttf */,
			);
			path = fonts;
			sourceTree = "<group>";
		};
		B1A09007A39D4C30B9421D65 /* Pods */ = {
			isa = PBXGroup;
			children = (
				F7F380B19C60EBE7F9DC8D2D /* Pods-vsco-front-end.debug.xcconfig */,
				4E6FEDA0BF1415BD794F5F06 /* Pods-vsco-front-end.release.xcconfig */,
				7F800BEA2AD8FDEC4E3CFAFA /* Pods-vsco-front-endTests.debug.xcconfig */,
				1E213720ED8AC5298B2196AF /* Pods-vsco-front-endTests.release.xcconfig */,
			);
			name = Pods;
			path = Pods;
			sourceTree = "<group>";
		};
		BEADE7CD5BA5993A2916285A /* Frameworks */ = {
			isa = PBXGroup;
			children = (
				65BF272F79204576540290B4 /* Pods_vsco_front_end.framework */,
				62FAF6B904EEA77E07B7B317 /* Pods_vsco_front_endTests.framework */,
			);
			name = Frameworks;
			sourceTree = "<group>";
		};
/* End PBXGroup section */

/* Begin PBXNativeTarget section */
		7F7BD288253E93C600764E9C /* vsco-front-end */ = {
			isa = PBXNativeTarget;
			buildConfigurationList = 7F7BD2A8253E93C900764E9C /* Build configuration list for PBXNativeTarget "vsco-front-end" */;
			buildPhases = (
				BBECA193A374DF0DEA6C4848 /* [CP] Check Pods Manifest.lock */,
				7F7BD285253E93C600764E9C /* Sources */,
				7F7BD286253E93C600764E9C /* Frameworks */,
				7F7BD287253E93C600764E9C /* Resources */,
				1609254B1C53846532FACD98 /* [CP] Embed Pods Frameworks */,
			);
			buildRules = (
			);
			dependencies = (
			);
			name = "vsco-front-end";
			productName = "vsco-front-end";
			productReference = 7F7BD289253E93C600764E9C /* vsco-front-end.app */;
			productType = "com.apple.product-type.application";
		};
		7F7BD29E253E93C900764E9C /* vsco-front-endTests */ = {
			isa = PBXNativeTarget;
			buildConfigurationList = 7F7BD2AB253E93C900764E9C /* Build configuration list for PBXNativeTarget "vsco-front-endTests" */;
			buildPhases = (
				5C4BF51EADD917421528B3ED /* [CP] Check Pods Manifest.lock */,
				7F7BD29B253E93C900764E9C /* Sources */,
				7F7BD29C253E93C900764E9C /* Frameworks */,
				7F7BD29D253E93C900764E9C /* Resources */,
			);
			buildRules = (
			);
			dependencies = (
				7F7BD2A1253E93C900764E9C /* PBXTargetDependency */,
			);
			name = "vsco-front-endTests";
			productName = "vsco-front-endTests";
			productReference = 7F7BD29F253E93C900764E9C /* vsco-front-endTests.xctest */;
			productType = "com.apple.product-type.bundle.unit-test";
		};
/* End PBXNativeTarget section */

/* Begin PBXProject section */
		7F7BD281253E93C600764E9C /* Project object */ = {
			isa = PBXProject;
			attributes = {
				LastSwiftUpdateCheck = 1150;
				LastUpgradeCheck = 1150;
				ORGANIZATIONNAME = "Kyle Hua";
				TargetAttributes = {
					7F7BD288253E93C600764E9C = {
						CreatedOnToolsVersion = 11.5;
					};
					7F7BD29E253E93C900764E9C = {
						CreatedOnToolsVersion = 11.5;
						TestTargetID = 7F7BD288253E93C600764E9C;
					};
				};
			};
			buildConfigurationList = 7F7BD284253E93C600764E9C /* Build configuration list for PBXProject "vsco-front-end" */;
			compatibilityVersion = "Xcode 9.3";
			developmentRegion = en;
			hasScannedForEncodings = 0;
			knownRegions = (
				en,
				Base,
			);
			mainGroup = 7F7BD280253E93C600764E9C;
			productRefGroup = 7F7BD28A253E93C600764E9C /* Products */;
			projectDirPath = "";
			projectRoot = "";
			targets = (
				7F7BD288253E93C600764E9C /* vsco-front-end */,
				7F7BD29E253E93C900764E9C /* vsco-front-endTests */,
			);
		};
/* End PBXProject section */

/* Begin PBXResourcesBuildPhase section */
		7F7BD287253E93C600764E9C /* Resources */ = {
			isa = PBXResourcesBuildPhase;
			buildActionMask = 2147483647;
			files = (
				D0FCE0D425663C33006E549C /* Nunito-Black.ttf in Resources */,
				D0FCE0D525663C33006E549C /* Nunito-BlackItalic.ttf in Resources */,
				D0FCE0D625663C33006E549C /* Nunito-Bold.ttf in Resources */,
				D0FCE0D725663C33006E549C /* Nunito-BoldItalic.ttf in Resources */,
				D0FCE0D825663C33006E549C /* Nunito-ExtraBold.ttf in Resources */,
				D0FCE0D925663C33006E549C /* Nunito-ExtraBoldItalic.ttf in Resources */,
				D0FCE0DA25663C33006E549C /* Nunito-ExtraLight.ttf in Resources */,
				D0FCE0DB25663C33006E549C /* Nunito-ExtraLightItalic.ttf in Resources */,
				D0FCE0DC25663C33006E549C /* Nunito-Italic.ttf in Resources */,
				D0FCE0DD25663C33006E549C /* Nunito-Light.ttf in Resources */,
				D0FCE0DE25663C33006E549C /* Nunito-LightItalic.ttf in Resources */,
				D0FCE0DF25663C33006E549C /* Nunito-Regular.ttf in Resources */,
				D0FCE0E025663C33006E549C /* Nunito-SemiBold.ttf in Resources */,
				D0FCE0E125663C33006E549C /* Nunito-SemiBoldItalic.ttf in Resources */,
				7F7BD299253E93C900764E9C /* LaunchScreen.storyboard in Resources */,
				7F7BD296253E93C900764E9C /* Assets.xcassets in Resources */,
				7F7BD294253E93C700764E9C /* Main.storyboard in Resources */,
			);
			runOnlyForDeploymentPostprocessing = 0;
		};
		7F7BD29D253E93C900764E9C /* Resources */ = {
			isa = PBXResourcesBuildPhase;
			buildActionMask = 2147483647;
			files = (
			);
			runOnlyForDeploymentPostprocessing = 0;
		};
/* End PBXResourcesBuildPhase section */

/* Begin PBXShellScriptBuildPhase section */
		1609254B1C53846532FACD98 /* [CP] Embed Pods Frameworks */ = {
			isa = PBXShellScriptBuildPhase;
			buildActionMask = 2147483647;
			files = (
			);
			inputFileListPaths = (
				"${PODS_ROOT}/Target Support Files/Pods-vsco-front-end/Pods-vsco-front-end-frameworks-${CONFIGURATION}-input-files.xcfilelist",
			);
			name = "[CP] Embed Pods Frameworks";
			outputFileListPaths = (
				"${PODS_ROOT}/Target Support Files/Pods-vsco-front-end/Pods-vsco-front-end-frameworks-${CONFIGURATION}-output-files.xcfilelist",
			);
			runOnlyForDeploymentPostprocessing = 0;
			shellPath = /bin/sh;
			shellScript = "\"${PODS_ROOT}/Target Support Files/Pods-vsco-front-end/Pods-vsco-front-end-frameworks.sh\"\n";
			showEnvVarsInLog = 0;
		};
		5C4BF51EADD917421528B3ED /* [CP] Check Pods Manifest.lock */ = {
			isa = PBXShellScriptBuildPhase;
			buildActionMask = 2147483647;
			files = (
			);
			inputFileListPaths = (
			);
			inputPaths = (
				"${PODS_PODFILE_DIR_PATH}/Podfile.lock",
				"${PODS_ROOT}/Manifest.lock",
			);
			name = "[CP] Check Pods Manifest.lock";
			outputFileListPaths = (
			);
			outputPaths = (
				"$(DERIVED_FILE_DIR)/Pods-vsco-front-endTests-checkManifestLockResult.txt",
			);
			runOnlyForDeploymentPostprocessing = 0;
			shellPath = /bin/sh;
			shellScript = "diff \"${PODS_PODFILE_DIR_PATH}/Podfile.lock\" \"${PODS_ROOT}/Manifest.lock\" > /dev/null\nif [ $? != 0 ] ; then\n    # print error to STDERR\n    echo \"error: The sandbox is not in sync with the Podfile.lock. Run 'pod install' or update your CocoaPods installation.\" >&2\n    exit 1\nfi\n# This output is used by Xcode 'outputs' to avoid re-running this script phase.\necho \"SUCCESS\" > \"${SCRIPT_OUTPUT_FILE_0}\"\n";
			showEnvVarsInLog = 0;
		};
		BBECA193A374DF0DEA6C4848 /* [CP] Check Pods Manifest.lock */ = {
			isa = PBXShellScriptBuildPhase;
			buildActionMask = 2147483647;
			files = (
			);
			inputFileListPaths = (
			);
			inputPaths = (
				"${PODS_PODFILE_DIR_PATH}/Podfile.lock",
				"${PODS_ROOT}/Manifest.lock",
			);
			name = "[CP] Check Pods Manifest.lock";
			outputFileListPaths = (
			);
			outputPaths = (
				"$(DERIVED_FILE_DIR)/Pods-vsco-front-end-checkManifestLockResult.txt",
			);
			runOnlyForDeploymentPostprocessing = 0;
			shellPath = /bin/sh;
			shellScript = "diff \"${PODS_PODFILE_DIR_PATH}/Podfile.lock\" \"${PODS_ROOT}/Manifest.lock\" > /dev/null\nif [ $? != 0 ] ; then\n    # print error to STDERR\n    echo \"error: The sandbox is not in sync with the Podfile.lock. Run 'pod install' or update your CocoaPods installation.\" >&2\n    exit 1\nfi\n# This output is used by Xcode 'outputs' to avoid re-running this script phase.\necho \"SUCCESS\" > \"${SCRIPT_OUTPUT_FILE_0}\"\n";
			showEnvVarsInLog = 0;
		};
/* End PBXShellScriptBuildPhase section */

/* Begin PBXSourcesBuildPhase section */
		7F7BD285253E93C600764E9C /* Sources */ = {
			isa = PBXSourcesBuildPhase;
			buildActionMask = 2147483647;
			files = (
				D02ABF4E255D0344002A1CEB /* ViewController.swift in Sources */,
				7F7BD28D253E93C700764E9C /* AppDelegate.swift in Sources */,
				7F7BD28F253E93C700764E9C /* SceneDelegate.swift in Sources */,
			);
			runOnlyForDeploymentPostprocessing = 0;
		};
		7F7BD29B253E93C900764E9C /* Sources */ = {
			isa = PBXSourcesBuildPhase;
			buildActionMask = 2147483647;
			files = (
				7F7BD2A4253E93C900764E9C /* vsco_front_endTests.swift in Sources */,
			);
			runOnlyForDeploymentPostprocessing = 0;
		};
/* End PBXSourcesBuildPhase section */

/* Begin PBXTargetDependency section */
		7F7BD2A1253E93C900764E9C /* PBXTargetDependency */ = {
			isa = PBXTargetDependency;
			target = 7F7BD288253E93C600764E9C /* vsco-front-end */;
			targetProxy = 7F7BD2A0253E93C900764E9C /* PBXContainerItemProxy */;
		};
/* End PBXTargetDependency section */

/* Begin PBXVariantGroup section */
		7F7BD292253E93C700764E9C /* Main.storyboard */ = {
			isa = PBXVariantGroup;
			children = (
				7F7BD293253E93C700764E9C /* Base */,
			);
			name = Main.storyboard;
			sourceTree = "<group>";
		};
		7F7BD297253E93C900764E9C /* LaunchScreen.storyboard */ = {
			isa = PBXVariantGroup;
			children = (
				7F7BD298253E93C900764E9C /* Base */,
			);
			name = LaunchScreen.storyboard;
			sourceTree = "<group>";
		};
/* End PBXVariantGroup section */

/* Begin XCBuildConfiguration section */
		7F7BD2A6253E93C900764E9C /* Debug */ = {
			isa = XCBuildConfiguration;
			buildSettings = {
				ALWAYS_SEARCH_USER_PATHS = NO;
				CLANG_ANALYZER_NONNULL = YES;
				CLANG_ANALYZER_NUMBER_OBJECT_CONVERSION = YES_AGGRESSIVE;
				CLANG_CXX_LANGUAGE_STANDARD = "gnu++14";
				CLANG_CXX_LIBRARY = "libc++";
				CLANG_ENABLE_MODULES = YES;
				CLANG_ENABLE_OBJC_ARC = YES;
				CLANG_ENABLE_OBJC_WEAK = YES;
				CLANG_WARN_BLOCK_CAPTURE_AUTORELEASING = YES;
				CLANG_WARN_BOOL_CONVERSION = YES;
				CLANG_WARN_COMMA = YES;
				CLANG_WARN_CONSTANT_CONVERSION = YES;
				CLANG_WARN_DEPRECATED_OBJC_IMPLEMENTATIONS = YES;
				CLANG_WARN_DIRECT_OBJC_ISA_USAGE = YES_ERROR;
				CLANG_WARN_DOCUMENTATION_COMMENTS = YES;
				CLANG_WARN_EMPTY_BODY = YES;
				CLANG_WARN_ENUM_CONVERSION = YES;
				CLANG_WARN_INFINITE_RECURSION = YES;
				CLANG_WARN_INT_CONVERSION = YES;
				CLANG_WARN_NON_LITERAL_NULL_CONVERSION = YES;
				CLANG_WARN_OBJC_IMPLICIT_RETAIN_SELF = YES;
				CLANG_WARN_OBJC_LITERAL_CONVERSION = YES;
				CLANG_WARN_OBJC_ROOT_CLASS = YES_ERROR;
				CLANG_WARN_RANGE_LOOP_ANALYSIS = YES;
				CLANG_WARN_STRICT_PROTOTYPES = YES;
				CLANG_WARN_SUSPICIOUS_MOVE = YES;
				CLANG_WARN_UNGUARDED_AVAILABILITY = YES_AGGRESSIVE;
				CLANG_WARN_UNREACHABLE_CODE = YES;
				CLANG_WARN__DUPLICATE_METHOD_MATCH = YES;
				COPY_PHASE_STRIP = NO;
				DEBUG_INFORMATION_FORMAT = dwarf;
				ENABLE_STRICT_OBJC_MSGSEND = YES;
				ENABLE_TESTABILITY = YES;
				GCC_C_LANGUAGE_STANDARD = gnu11;
				GCC_DYNAMIC_NO_PIC = NO;
				GCC_NO_COMMON_BLOCKS = YES;
				GCC_OPTIMIZATION_LEVEL = 0;
				GCC_PREPROCESSOR_DEFINITIONS = (
					"DEBUG=1",
					"$(inherited)",
				);
				GCC_WARN_64_TO_32_BIT_CONVERSION = YES;
				GCC_WARN_ABOUT_RETURN_TYPE = YES_ERROR;
				GCC_WARN_UNDECLARED_SELECTOR = YES;
				GCC_WARN_UNINITIALIZED_AUTOS = YES_AGGRESSIVE;
				GCC_WARN_UNUSED_FUNCTION = YES;
				GCC_WARN_UNUSED_VARIABLE = YES;
				IPHONEOS_DEPLOYMENT_TARGET = 13.5;
				MTL_ENABLE_DEBUG_INFO = INCLUDE_SOURCE;
				MTL_FAST_MATH = YES;
				ONLY_ACTIVE_ARCH = YES;
				SDKROOT = iphoneos;
				SWIFT_ACTIVE_COMPILATION_CONDITIONS = DEBUG;
				SWIFT_OPTIMIZATION_LEVEL = "-Onone";
			};
			name = Debug;
		};
		7F7BD2A7253E93C900764E9C /* Release */ = {
			isa = XCBuildConfiguration;
			buildSettings = {
				ALWAYS_SEARCH_USER_PATHS = NO;
				CLANG_ANALYZER_NONNULL = YES;
				CLANG_ANALYZER_NUMBER_OBJECT_CONVERSION = YES_AGGRESSIVE;
				CLANG_CXX_LANGUAGE_STANDARD = "gnu++14";
				CLANG_CXX_LIBRARY = "libc++";
				CLANG_ENABLE_MODULES = YES;
				CLANG_ENABLE_OBJC_ARC = YES;
				CLANG_ENABLE_OBJC_WEAK = YES;
				CLANG_WARN_BLOCK_CAPTURE_AUTORELEASING = YES;
				CLANG_WARN_BOOL_CONVERSION = YES;
				CLANG_WARN_COMMA = YES;
				CLANG_WARN_CONSTANT_CONVERSION = YES;
				CLANG_WARN_DEPRECATED_OBJC_IMPLEMENTATIONS = YES;
				CLANG_WARN_DIRECT_OBJC_ISA_USAGE = YES_ERROR;
				CLANG_WARN_DOCUMENTATION_COMMENTS = YES;
				CLANG_WARN_EMPTY_BODY = YES;
				CLANG_WARN_ENUM_CONVERSION = YES;
				CLANG_WARN_INFINITE_RECURSION = YES;
				CLANG_WARN_INT_CONVERSION = YES;
				CLANG_WARN_NON_LITERAL_NULL_CONVERSION = YES;
				CLANG_WARN_OBJC_IMPLICIT_RETAIN_SELF = YES;
				CLANG_WARN_OBJC_LITERAL_CONVERSION = YES;
				CLANG_WARN_OBJC_ROOT_CLASS = YES_ERROR;
				CLANG_WARN_RANGE_LOOP_ANALYSIS = YES;
				CLANG_WARN_STRICT_PROTOTYPES = YES;
				CLANG_WARN_SUSPICIOUS_MOVE = YES;
				CLANG_WARN_UNGUARDED_AVAILABILITY = YES_AGGRESSIVE;
				CLANG_WARN_UNREACHABLE_CODE = YES;
				CLANG_WARN__DUPLICATE_METHOD_MATCH = YES;
				COPY_PHASE_STRIP = NO;
				DEBUG_INFORMATION_FORMAT = "dwarf-with-dsym";
				ENABLE_NS_ASSERTIONS = NO;
				ENABLE_STRICT_OBJC_MSGSEND = YES;
				GCC_C_LANGUAGE_STANDARD = gnu11;
				GCC_NO_COMMON_BLOCKS = YES;
				GCC_WARN_64_TO_32_BIT_CONVERSION = YES;
				GCC_WARN_ABOUT_RETURN_TYPE = YES_ERROR;
				GCC_WARN_UNDECLARED_SELECTOR = YES;
				GCC_WARN_UNINITIALIZED_AUTOS = YES_AGGRESSIVE;
				GCC_WARN_UNUSED_FUNCTION = YES;
				GCC_WARN_UNUSED_VARIABLE = YES;
				IPHONEOS_DEPLOYMENT_TARGET = 13.5;
				MTL_ENABLE_DEBUG_INFO = NO;
				MTL_FAST_MATH = YES;
				SDKROOT = iphoneos;
				SWIFT_COMPILATION_MODE = wholemodule;
				SWIFT_OPTIMIZATION_LEVEL = "-O";
				VALIDATE_PRODUCT = YES;
			};
			name = Release;
		};
		7F7BD2A9253E93C900764E9C /* Debug */ = {
			isa = XCBuildConfiguration;
			baseConfigurationReference = F7F380B19C60EBE7F9DC8D2D /* Pods-vsco-front-end.debug.xcconfig */;
			buildSettings = {
				ASSETCATALOG_COMPILER_APPICON_NAME = AppIcon;
				CODE_SIGN_STYLE = Automatic;
				INFOPLIST_FILE = "vsco-front-end/Info.plist";
				LD_RUNPATH_SEARCH_PATHS = (
					"$(inherited)",
					"@executable_path/Frameworks",
				);
				PRODUCT_BUNDLE_IDENTIFIER = "com.example..vsco-front-end";
				PRODUCT_NAME = "$(TARGET_NAME)";
				SWIFT_VERSION = 5.0;
				TARGETED_DEVICE_FAMILY = "1,2";
			};
			name = Debug;
		};
		7F7BD2AA253E93C900764E9C /* Release */ = {
			isa = XCBuildConfiguration;
			baseConfigurationReference = 4E6FEDA0BF1415BD794F5F06 /* Pods-vsco-front-end.release.xcconfig */;
			buildSettings = {
				ASSETCATALOG_COMPILER_APPICON_NAME = AppIcon;
				CODE_SIGN_STYLE = Automatic;
				INFOPLIST_FILE = "vsco-front-end/Info.plist";
				LD_RUNPATH_SEARCH_PATHS = (
					"$(inherited)",
					"@executable_path/Frameworks",
				);
				PRODUCT_BUNDLE_IDENTIFIER = "com.example..vsco-front-end";
				PRODUCT_NAME = "$(TARGET_NAME)";
				SWIFT_VERSION = 5.0;
				TARGETED_DEVICE_FAMILY = "1,2";
			};
			name = Release;
		};
		7F7BD2AC253E93C900764E9C /* Debug */ = {
			isa = XCBuildConfiguration;
			baseConfigurationReference = 7F800BEA2AD8FDEC4E3CFAFA /* Pods-vsco-front-endTests.debug.xcconfig */;
			buildSettings = {
				ALWAYS_EMBED_SWIFT_STANDARD_LIBRARIES = YES;
				BUNDLE_LOADER = "$(TEST_HOST)";
				CODE_SIGN_STYLE = Automatic;
				INFOPLIST_FILE = "vsco-front-endTests/Info.plist";
				IPHONEOS_DEPLOYMENT_TARGET = 13.5;
				LD_RUNPATH_SEARCH_PATHS = (
					"$(inherited)",
					"@executable_path/Frameworks",
					"@loader_path/Frameworks",
				);
				PRODUCT_BUNDLE_IDENTIFIER = "com.example..vsco-front-endTests";
				PRODUCT_NAME = "$(TARGET_NAME)";
				SWIFT_VERSION = 5.0;
				TARGETED_DEVICE_FAMILY = "1,2";
				TEST_HOST = "$(BUILT_PRODUCTS_DIR)/vsco-front-end.app/vsco-front-end";
			};
			name = Debug;
		};
		7F7BD2AD253E93C900764E9C /* Release */ = {
			isa = XCBuildConfiguration;
			baseConfigurationReference = 1E213720ED8AC5298B2196AF /* Pods-vsco-front-endTests.release.xcconfig */;
			buildSettings = {
				ALWAYS_EMBED_SWIFT_STANDARD_LIBRARIES = YES;
				BUNDLE_LOADER = "$(TEST_HOST)";
				CODE_SIGN_STYLE = Automatic;
				INFOPLIST_FILE = "vsco-front-endTests/Info.plist";
				IPHONEOS_DEPLOYMENT_TARGET = 13.5;
				LD_RUNPATH_SEARCH_PATHS = (
					"$(inherited)",
					"@executable_path/Frameworks",
					"@loader_path/Frameworks",
				);
				PRODUCT_BUNDLE_IDENTIFIER = "com.example..vsco-front-endTests";
				PRODUCT_NAME = "$(TARGET_NAME)";
				SWIFT_VERSION = 5.0;
				TARGETED_DEVICE_FAMILY = "1,2";
				TEST_HOST = "$(BUILT_PRODUCTS_DIR)/vsco-front-end.app/vsco-front-end";
			};
			name = Release;
		};
/* End XCBuildConfiguration section */

/* Begin XCConfigurationList section */
		7F7BD284253E93C600764E9C /* Build configuration list for PBXProject "vsco-front-end" */ = {
			isa = XCConfigurationList;
			buildConfigurations = (
				7F7BD2A6253E93C900764E9C /* Debug */,
				7F7BD2A7253E93C900764E9C /* Release */,
			);
			defaultConfigurationIsVisible = 0;
			defaultConfigurationName = Release;
		};
		7F7BD2A8253E93C900764E9C /* Build configuration list for PBXNativeTarget "vsco-front-end" */ = {
			isa = XCConfigurationList;
			buildConfigurations = (
				7F7BD2A9253E93C900764E9C /* Debug */,
				7F7BD2AA253E93C900764E9C /* Release */,
			);
			defaultConfigurationIsVisible = 0;
			defaultConfigurationName = Release;
		};
		7F7BD2AB253E93C900764E9C /* Build configuration list for PBXNativeTarget "vsco-front-endTests" */ = {
			isa = XCConfigurationList;
			buildConfigurations = (
				7F7BD2AC253E93C900764E9C /* Debug */,
				7F7BD2AD253E93C900764E9C /* Release */,
			);
			defaultConfigurationIsVisible = 0;
			defaultConfigurationName = Release;
		};
/* End XCConfigurationList section */
	};
	rootObject = 7F7BD281253E93C600764E9C /* Project object */;
}
